
Microsoft Visual Studio Solution File, Format Version 12.00
Project("{F2A71F9B-5D33-465A-A702-920D77279786}") = "FromScratch", "FromScratch\FromScratch.fsproj", "{C13116DC-6747-45DE-8CE6-6CF0B69AA6B0}"
EndProject
Global
	GlobalSection(SolutionConfigurationPlatforms) = preSolution
		Debug|Any CPU = Debug|Any CPU
		Release|Any CPU = Release|Any CPU
	EndGlobalSection
	GlobalSection(ProjectConfigurationPlatforms) = postSolution
		{C13116DC-6747-45DE-8CE6-6CF0B69AA6B0}.Debug|Any CPU.ActiveCfg = Debug|Any CPU
		{C13116DC-6747-45DE-8CE6-6CF0B69AA6B0}.Debug|Any CPU.Build.0 = Debug|Any CPU
		{C13116DC-6747-45DE-8CE6-6CF0B69AA6B0}.Release|Any CPU.ActiveCfg = Release|Any CPU
		{C13116DC-6747-45DE-8CE6-6CF0B69AA6B0}.Release|Any CPU.Build.0 = Release|Any CPU
	EndGlobalSection
EndGlobal
